lockfileVersion: '9.0'

settings:
  autoInstallPeers: true
  excludeLinksFromLockfile: false

importers:

  .:
    dependencies:
      '@hono/node-server':
        specifier: ^1.19.6
        version: 1.19.14(hono@4.12.21)
      '@hono/zod-openapi':
        specifier: ^1.1.5
        version: 1.4.0(hono@4.12.21)(zod@4.4.3)
      hono:
        specifier: ^4.11.1
        version: 4.12.21
      zod:
        specifier: ^4.1.12
        version: 4.4.3
    devDependencies:
      '@appcited/james-typescript':
        specifier: workspace:*
        version: link:../../packages/typescript
      '@types/node':
        specifier: ^24.11.0
        version: 24.12.4
      typescript:
        specifier: ~6.0.3
        version: 6.0.3

packages:

  '@asteasolutions/zod-to-openapi@8.5.0':
    resolution: {integrity: sha512-SABbKiObg5dLRiTFnqiW1WWwGcg1BJfmHtT2asIBnBHg6Smy/Ms2KHc650+JI4Hw7lSkdiNebEGXpwoxfben8Q==}
    peerDependencies:
      zod: ^4.0.0

  '@hono/node-server@1.19.14':
    resolution: {integrity: sha512-GwtvgtXxnWsucXvbQXkRgqksiH2Qed37H9xHZocE5sA3N8O8O8/8FA3uclQXxXVzc9XBZuEOMK7+r02FmSpHtw==}
    engines: {node: '>=18.14.1'}
    peerDependencies:
      hono: ^4

  '@hono/zod-openapi@1.4.0':
    resolution: {integrity: sha512-AFchqR1N/NxfI4hUOSGI2/g8zLROxA1OE7Oh5JJFlTaGxhrdRyH+93gd0tIBpb0z8s9r8hUoNnaOBfHbdb4NMw==}
    engines: {node: '>=16.0.0'}
    peerDependencies:
      hono: '>=4.10.0'
      zod: ^4.0.0

  '@hono/zod-validator@0.8.0':
    resolution: {integrity: sha512-5uS4S1/LKtZQYvD4BtpPUFkOv8d1wNxHHrChm26buMiEYc1FrHWvDUaKVBwkiVtvSExHSpLGDvcnpI2Copyj9w==}
    peerDependencies:
      hono: '>=4.10.0'
      zod: ^3.25.0 || ^4.0.0

  '@types/node@24.12.4':
    resolution: {integrity: sha512-GUUEShf+PBCGW2KaXwcIt3Yk+e3pkKwWKb9GSyM9WQVE+ep2jzmHdGsHzu4wgcZy5fN9FBdVzjpBQsYlpfpgLA==}

  hono@4.12.21:
    resolution: {integrity: sha512-uV63apnb0kyPtAUwoWgaGh9HyIFcv8lgmzPZSiTBQAFOFGIzka5EZ1dZocmGnn0XdX0+XTqJ6Tqv7selMuGLRQ==}
    engines: {node: '>=16.9.0'}

  openapi3-ts@4.5.0:
    resolution: {integrity: sha512-jaL+HgTq2Gj5jRcfdutgRGLosCy/hT8sQf6VOy+P+g36cZOjI1iukdPnijC+4CmeRzg/jEllJUboEic2FhxhtQ==}

  typescript@6.0.3:
    resolution: {integrity: sha512-y2TvuxSZPDyQakkFRPZHKFm+KKVqIisdg9/CZwm9ftvKXLP8NRWj38/ODjNbr43SsoXqNuAisEf1GdCxqWcdBw==}
    engines: {node: '>=14.17'}
    hasBin: true

  undici-types@7.16.0:
    resolution: {integrity: sha512-Zz+aZWSj8LE6zoxD+xrjh4VfkIG8Ya6LvYkZqtUQGJPZjYl53ypCaUwWqo7eI0x66KBGeRo+mlBEkMSeSZ38Nw==}

  yaml@2.9.0:
    resolution: {integrity: sha512-2AvhNX3mb8zd6Zy7INTtSpl1F15HW6Wnqj0srWlkKLcpYl/gMIMJiyuGq2KeI2YFxUPjdlB+3Lc10seMLtL4cA==}
    engines: {node: '>= 14.6'}
    hasBin: true

  zod@4.4.3:
    resolution: {integrity: sha512-ytENFjIJFl2UwYglde2jchW2Hwm4GJFLDiSXWdTrJQBIN9Fcyp7n4DhxJEiWNAJMV1/BqWfW/kkg71UDcHJyTQ==}

snapshots:

  '@asteasolutions/zod-to-openapi@8.5.0(zod@4.4.3)':
    dependencies:
      openapi3-ts: 4.5.0
      zod: 4.4.3

  '@hono/node-server@1.19.14(hono@4.12.21)':
    dependencies:
      hono: 4.12.21

  '@hono/zod-openapi@1.4.0(hono@4.12.21)(zod@4.4.3)':
    dependencies:
      '@asteasolutions/zod-to-openapi': 8.5.0(zod@4.4.3)
      '@hono/zod-validator': 0.8.0(hono@4.12.21)(zod@4.4.3)
      hono: 4.12.21
      openapi3-ts: 4.5.0
      zod: 4.4.3

  '@hono/zod-validator@0.8.0(hono@4.12.21)(zod@4.4.3)':
    dependencies:
      hono: 4.12.21
      zod: 4.4.3

  '@types/node@24.12.4':
    dependencies:
      undici-types: 7.16.0

  hono@4.12.21: {}

  openapi3-ts@4.5.0:
    dependencies:
      yaml: 2.9.0

  typescript@6.0.3: {}

  undici-types@7.16.0: {}

  yaml@2.9.0: {}

  zod@4.4.3: {}
